
Microsoft Visual Studio Solution File, Format Version 12.00
# Visual Studio Version 16
VisualStudioVersion = 16.0.30128.74
MinimumVisualStudioVersion = 10.0.40219.1
Project("{FAE04EC0-301F-11D3-BF4B-00C04F79EFBC}") = "SampleApp.Android", "SampleApp\SampleApp.Android\SampleApp.Android.csproj", "{D3C2ABDD-4F0A-45EF-A3DC-04260238BE5C}"
EndProject
Project("{FAE04EC0-301F-11D3-BF4B-00C04F79EFBC}") = "SampleApp.iOS", "SampleApp\SampleApp.iOS\SampleApp.iOS.csproj", "{DEAC24CD-ADB6-423D-84B5-B9DE06C8B07D}"
EndProject
Project("{FAE04EC0-301F-11D3-BF4B-00C04F79EFBC}") = "SampleApp", "SampleApp\SampleApp\SampleApp.csproj", "{79E095F3-1202-4BD0-B96F-25EAE2F06FC6}"
EndProject
Global
	GlobalSection(SolutionConfigurationPlatforms) = preSolution
		Debug|Any CPU = Debug|Any CPU
		Debug|iPhone = Debug|iPhone
		Debug|iPhoneSimulator = Debug|iPhoneSimulator
		Release|Any CPU = Release|Any CPU
		Release|iPhone = Release|iPhone
		Release|iPhoneSimulator = Release|iPhoneSimulator
	EndGlobalSection
	GlobalSection(ProjectConfigurationPlatforms) = postSolution
		{D3C2ABDD-4F0A-45EF-A3DC-04260238BE5C}.Debug|Any CPU.ActiveCfg = Debug|Any CPU
		{D3C2ABDD-4F0A-45EF-A3DC-04260238BE5C}.Debug|Any CPU.Build.0 = Debug|Any CPU
		{D3C2ABDD-4F0A-45EF-A3DC-04260238BE5C}.Debug|Any CPU.Deploy.0 = Debug|Any CPU
		{D3C2ABDD-4F0A-45EF-A3DC-04260238BE5C}.Debug|iPhone.ActiveCfg = Debug|Any CPU
		{D3C2ABDD-4F0A-45EF-A3DC-04260238BE5C}.Debug|iPhone.Build.0 = Debug|Any CPU
		{D3C2ABDD-4F0A-45EF-A3DC-04260238BE5C}.Debug|iPhone.Deploy.0 = Debug|Any CPU
		{D3C2ABDD-4F0A-45EF-A3DC-04260238BE5C}.Debug|iPhoneSimulator.ActiveCfg = Debug|Any CPU
		{D3C2ABDD-4F0A-45EF-A3DC-04260238BE5C}.Debug|iPhoneSimulator.Build.0 = Debug|Any CPU
		{D3C2ABDD-4F0A-45EF-A3DC-04260238BE5C}.Debug|iPhoneSimulator.Deploy.0 = Debug|Any CPU
		{D3C2ABDD-4F0A-45EF-A3DC-04260238BE5C}.Release|Any CPU.ActiveCfg = Release|Any CPU
		{D3C2ABDD-4F0A-45EF-A3DC-04260238BE5C}.Release|Any CPU.Build.0 = Release|Any CPU
		{D3C2ABDD-4F0A-45EF-A3DC-04260238BE5C}.Release|Any CPU.Deploy.0 = Release|Any CPU
		{D3C2ABDD-4F0A-45EF-A3DC-04260238BE5C}.Release|iPhone.ActiveCfg = Release|Any CPU
		{D3C2ABDD-4F0A-45EF-A3DC-04260238BE5C}.Release|iPhone.Build.0 = Release|Any CPU
		{D3C2ABDD-4F0A-45EF-A3DC-04260238BE5C}.Release|iPhone.Deploy.0 = Release|Any CPU
		{D3C2ABDD-4F0A-45EF-A3DC-04260238BE5C}.Release|iPhoneSimulator.ActiveCfg = Release|Any CPU
		{D3C2ABDD-4F0A-45EF-A3DC-04260238BE5C}.Release|iPhoneSimulator.Build.0 = Release|Any CPU
		{D3C2ABDD-4F0A-45EF-A3DC-04260238BE5C}.Release|iPhoneSimulator.Deploy.0 = Release|Any CPU
		{DEAC24CD-ADB6-423D-84B5-B9DE06C8B07D}.Debug|Any CPU.ActiveCfg = Debug|iPhone
		{DEAC24CD-ADB6-423D-84B5-B9DE06C8B07D}.Debug|Any CPU.Build.0 = Debug|iPhone
		{DEAC24CD-ADB6-423D-84B5-B9DE06C8B07D}.Debug|Any CPU.Deploy.0 = Debug|iPhone
		{DEAC24CD-ADB6-423D-84B5-B9DE06C8B07D}.Debug|iPhone.ActiveCfg = Debug|iPhone
		{DEAC24CD-ADB6-423D-84B5-B9DE06C8B07D}.Debug|iPhone.Build.0 = Debug|iPhone
		{DEAC24CD-ADB6-423D-84B5-B9DE06C8B07D}.Debug|iPhone.Deploy.0 = Debug|iPhone
		{DEAC24CD-ADB6-423D-84B5-B9DE06C8B07D}.Debug|iPhoneSimulator.ActiveCfg = Debug|iPhoneSimulator
		{DEAC24CD-ADB6-423D-84B5-B9DE06C8B07D}.Debug|iPhoneSimulator.Build.0 = Debug|iPhoneSimulator
		{DEAC24CD-ADB6-423D-84B5-B9DE06C8B07D}.Debug|iPhoneSimulator.Deploy.0 = Debug|iPhoneSimulator
		{DEAC24CD-ADB6-423D-84B5-B9DE06C8B07D}.Release|Any CPU.ActiveCfg = Release|iPhone
		{DEAC24CD-ADB6-423D-84B5-B9DE06C8B07D}.Release|Any CPU.Build.0 = Release|iPhone
		{DEAC24CD-ADB6-423D-84B5-B9DE06C8B07D}.Release|Any CPU.Deploy.0 = Release|iPhone
		{DEAC24CD-ADB6-423D-84B5-B9DE06C8B07D}.Release|iPhone.ActiveCfg = Release|iPhone
		{DEAC24CD-ADB6-423D-84B5-B9DE06C8B07D}.Release|iPhone.Build.0 = Release|iPhone
		{DEAC24CD-ADB6-423D-84B5-B9DE06C8B07D}.Release|iPhone.Deploy.0 = Release|iPhone
		{DEAC24CD-ADB6-423D-84B5-B9DE06C8B07D}.Release|iPhoneSimulator.ActiveCfg = Release|iPhoneSimulator
		{DEAC24CD-ADB6-423D-84B5-B9DE06C8B07D}.Release|iPhoneSimulator.Build.0 = Release|iPhoneSimulator
		{DEAC24CD-ADB6-423D-84B5-B9DE06C8B07D}.Release|iPhoneSimulator.Deploy.0 = Release|iPhoneSimulator
		{79E095F3-1202-4BD0-B96F-25EAE2F06FC6}.Debug|Any CPU.ActiveCfg = Debug|Any CPU
		{79E095F3-1202-4BD0-B96F-25EAE2F06FC6}.Debug|Any CPU.Build.0 = Debug|Any CPU
		{79E095F3-1202-4BD0-B96F-25EAE2F06FC6}.Debug|Any CPU.Deploy.0 = Debug|Any CPU
		{79E095F3-1202-4BD0-B96F-25EAE2F06FC6}.Debug|iPhone.ActiveCfg = Debug|Any CPU
		{79E095F3-1202-4BD0-B96F-25EAE2F06FC6}.Debug|iPhone.Build.0 = Debug|Any CPU
		{79E095F3-1202-4BD0-B96F-25EAE2F06FC6}.Debug|iPhone.Deploy.0 = Debug|Any CPU
		{79E095F3-1202-4BD0-B96F-25EAE2F06FC6}.Debug|iPhoneSimulator.ActiveCfg = Debug|Any CPU
		{79E095F3-1202-4BD0-B96F-25EAE2F06FC6}.Debug|iPhoneSimulator.Build.0 = Debug|Any CPU
		{79E095F3-1202-4BD0-B96F-25EAE2F06FC6}.Debug|iPhoneSimulator.Deploy.0 = Debug|Any CPU
		{79E095F3-1202-4BD0-B96F-25EAE2F06FC6}.Release|Any CPU.ActiveCfg = Release|Any CPU
		{79E095F3-1202-4BD0-B96F-25EAE2F06FC6}.Release|Any CPU.Build.0 = Release|Any CPU
		{79E095F3-1202-4BD0-B96F-25EAE2F06FC6}.Release|Any CPU.Deploy.0 = Release|Any CPU
		{79E095F3-1202-4BD0-B96F-25EAE2F06FC6}.Release|iPhone.ActiveCfg = Release|Any CPU
		{79E095F3-1202-4BD0-B96F-25EAE2F06FC6}.Release|iPhone.Build.0 = Release|Any CPU
		{79E095F3-1202-4BD0-B96F-25EAE2F06FC6}.Release|iPhone.Deploy.0 = Release|Any CPU
		{79E095F3-1202-4BD0-B96F-25EAE2F06FC6}.Release|iPhoneSimulator.ActiveCfg = Release|Any CPU
		{79E095F3-1202-4BD0-B96F-25EAE2F06FC6}.Release|iPhoneSimulator.Build.0 = Release|Any CPU
		{79E095F3-1202-4BD0-B96F-25EAE2F06FC6}.Release|iPhoneSimulator.Deploy.0 = Release|Any CPU
	EndGlobalSection
	GlobalSection(SolutionProperties) = preSolution
		HideSolutionNode = FALSE
	EndGlobalSection
	GlobalSection(ExtensibilityGlobals) = postSolution
		SolutionGuid = {C7261441-A809-4399-B571-BF6623F4BCA7}
	EndGlobalSection
EndGlobal
